
Microsoft Visual Studio Solution File, Format Version 12.00
# Visual Studio Version 17
VisualStudioVersion = 17.14.36616.10 d17.14
MinimumVisualStudioVersion = 10.0.40219.1
Project("{FAE04EC0-301F-11D3-BF4B-00C04F79EFBC}") = "OldApi.App", "OldApi.App\OldApi.App.csproj", "{83D9B38A-E57C-4ECE-9684-7ABFAE99CD20}"
EndProject
Project("{FAE04EC0-301F-11D3-BF4B-00C04F79EFBC}") = "NewApi.App", "NewApi.App\NewApi.App.csproj", "{577BB679-3937-4BA4-A8EA-3C19684BF948}"
EndProject
Global
	GlobalSection(SolutionConfigurationPlatforms) = preSolution
		Debug|Any CPU = Debug|Any CPU
		Release|Any CPU = Release|Any CPU
	EndGlobalSection
	GlobalSection(ProjectConfigurationPlatforms) = postSolution
		{83D9B38A-E57C-4ECE-9684-7ABFAE99CD20}.Debug|Any CPU.ActiveCfg = Debug|Any CPU
		{83D9B38A-E57C-4ECE-9684-7ABFAE99CD20}.Debug|Any CPU.Build.0 = Debug|Any CPU
		{83D9B38A-E57C-4ECE-9684-7ABFAE99CD20}.Release|Any CPU.ActiveCfg = Release|Any CPU
		{83D9B38A-E57C-4ECE-9684-7ABFAE99CD20}.Release|Any CPU.Build.0 = Release|Any CPU
		{577BB679-3937-4BA4-A8EA-3C19684BF948}.Debug|Any CPU.ActiveCfg = Debug|Any CPU
		{577BB679-3937-4BA4-A8EA-3C19684BF948}.Debug|Any CPU.Build.0 = Debug|Any CPU
		{577BB679-3937-4BA4-A8EA-3C19684BF948}.Release|Any CPU.ActiveCfg = Release|Any CPU
		{577BB679-3937-4BA4-A8EA-3C19684BF948}.Release|Any CPU.Build.0 = Release|Any CPU
	EndGlobalSection
	GlobalSection(SolutionProperties) = preSolution
		HideSolutionNode = FALSE
	EndGlobalSection
	GlobalSection(ExtensibilityGlobals) = postSolution
		SolutionGuid = {ECF52F21-BB53-44A9-BF03-6BD04002CA2A}
	EndGlobalSection
EndGlobal
